<?xml version="1.0" encoding="utf-8"?>
<Project ToolsVersion="4.0" xmlns="http://schemas.microsoft.com/developer/msbuild/2003">
  <ItemGroup>
    <ClCompile Include="main.cpp">
      <Filter>Source</Filter>
    </ClCompile>
    <ClCompile Include="ShaderLoader.cpp">
      <Filter>Source</Filter>
    </ClCompile>
    <ClCompile Include="TextLabel.cpp">
      <Filter>Source</Filter>
    </ClCompile>
    <ClCompile Include="Mesh.cpp">
      <Filter>Source</Filter>
    </ClCompile>
    <ClCompile Include="Shader.cpp">
      <Filter>Source</Filter>
    </ClCompile>
    <ClCompile Include="Texture.cpp">
      <Filter>Source</Filter>
    </ClCompile>
    <ClCompile Include="Audio.cpp">
      <Filter>Source</Filter>
    </ClCompile>
    <ClCompile Include="GameObject.cpp">
      <Filter>Source</Filter>
    </ClCompile>
    <ClCompile Include="GameManager.cpp">
      <Filter>Source</Filter>
    </ClCompile>
    <ClCompile Include="Input.cpp">
      <Filter>Source</Filter>
    </ClCompile>
    <ClCompile Include="clock.cpp">
      <Filter>Source</Filter>
    </ClCompile>
    <ClCompile Include="Vehicle.cpp">
      <Filter>Source</Filter>
    </ClCompile>
    <ClCompile Include="ThreadPool.cpp">
      <Filter>Source</Filter>
    </ClCompile>
  </ItemGroup>
  <ItemGroup>
    <ClInclude Include="Camera.h">
      <Filter>Headers</Filter>
    </ClInclude>
    <ClInclude Include="ShaderLoader.h">
      <Filter>Headers</Filter>
    </ClInclude>
    <ClInclude Include="Initialization.h">
      <Filter>Headers</Filter>
    </ClInclude>
    <ClInclude Include="TextLabel.h">
      <Filter>Headers</Filter>
    </ClInclude>
    <ClInclude Include="Mesh.h">
      <Filter>Headers</Filter>
    </ClInclude>
    <ClInclude Include="Shader.h">
      <Filter>Headers</Filter>
    </ClInclude>
    <ClInclude Include="Texture.h">
      <Filter>Headers</Filter>
    </ClInclude>
    <ClInclude Include="Audio.h">
      <Filter>Headers</Filter>
    </ClInclude>
    <ClInclude Include="Input.h">
      <Filter>Headers</Filter>
    </ClInclude>
    <ClInclude Include="GameObject.h">
      <Filter>Headers</Filter>
    </ClInclude>
    <ClInclude Include="GameManager.h">
      <Filter>Headers</Filter>
    </ClInclude>
    <ClInclude Include="clock.h">
      <Filter>Headers</Filter>
    </ClInclude>
    <ClInclude Include="Path.h">
      <Filter>Headers</Filter>
    </ClInclude>
    <ClInclude Include="Vehicle.h">
      <Filter>Headers</Filter>
    </ClInclude>
    <ClInclude Include="ThreadPool.h">
      <Filter>Headers</Filter>
    </ClInclude>
    <ClInclude Include="Task.h">
      <Filter>Headers</Filter>
    </ClInclude>
    <ClInclude Include="WorkQueue.h">
      <Filter>Headers</Filter>
    </ClInclude>
  </ItemGroup>
  <ItemGroup>
    <Text Include="Resources\Shaders\TextFS.txt">
      <Filter>Shaders</Filter>
    </Text>
    <Text Include="Resources\Shaders\TextVS.txt">
      <Filter>Shaders</Filter>
    </Text>
    <Text Include="Resources\Shaders\AnimationVertex.txt">
      <Filter>Shaders</Filter>
    </Text>
    <Text Include="Resources\Shaders\AnimationFragment.txt">
      <Filter>Shaders</Filter>
    </Text>
    <Text Include="Resources\Shaders\ScrollingVertex.txt">
      <Filter>Shaders</Filter>
    </Text>
    <Text Include="Resources\Shaders\AlternatingVertex.txt">
      <Filter>Shaders</Filter>
    </Text>
    <Text Include="Resources\Shaders\AlternatingFragment.txt">
      <Filter>Shaders</Filter>
    </Text>
  </ItemGroup>
  <ItemGroup>
    <Filter Include="Headers">
      <UniqueIdentifier>{69527420-ed2c-4cf8-9dc4-afce9832f3d9}</UniqueIdentifier>
    </Filter>
    <Filter Include="Source">
      <UniqueIdentifier>{548811d9-e8f2-41e4-8c84-6afd711e5bfc}</UniqueIdentifier>
    </Filter>
    <Filter Include="Shaders">
      <UniqueIdentifier>{8c7b2130-3019-4bd6-a02d-fd64dbb5d5bb}</UniqueIdentifier>
    </Filter>
  </ItemGroup>
</Project>